
Microsoft Visual Studio Solution File, Format Version 12.00
# Visual Studio 15
VisualStudioVersion = 15.0.28307.1209
MinimumVisualStudioVersion = 10.0.40219.1
Project("{8BC9CEB8-8B4A-11D0-8D11-00A0C91BC942}") = "Danburite", "Danburite\Danburite.vcxproj", "{8FDCDE28-C10D-48DB-AA99-4EB23CD794F7}"
EndProject
Global
	GlobalSection(SolutionConfigurationPlatforms) = preSolution
		Debug|x64 = Debug|x64
		Debug|x86 = Debug|x86
		DebugFromRel|x64 = DebugFromRel|x64
		DebugFromRel|x86 = DebugFromRel|x86
		Release|x64 = Release|x64
		Release|x86 = Release|x86
		ReleaseForDebug|x64 = ReleaseForDebug|x64
		ReleaseForDebug|x86 = ReleaseForDebug|x86
	EndGlobalSection
	GlobalSection(ProjectConfigurationPlatforms) = postSolution
		{8FDCDE28-C10D-48DB-AA99-4EB23CD794F7}.Debug|x64.ActiveCfg = Debug|x64
		{8FDCDE28-C10D-48DB-AA99-4EB23CD794F7}.Debug|x64.Build.0 = Debug|x64
		{8FDCDE28-C10D-48DB-AA99-4EB23CD794F7}.Debug|x86.ActiveCfg = Debug|Win32
		{8FDCDE28-C10D-48DB-AA99-4EB23CD794F7}.Debug|x86.Build.0 = Debug|Win32
		{8FDCDE28-C10D-48DB-AA99-4EB23CD794F7}.DebugFromRel|x64.ActiveCfg = Debug|x64
		{8FDCDE28-C10D-48DB-AA99-4EB23CD794F7}.DebugFromRel|x64.Build.0 = Debug|x64
		{8FDCDE28-C10D-48DB-AA99-4EB23CD794F7}.DebugFromRel|x86.ActiveCfg = Debug|Win32
		{8FDCDE28-C10D-48DB-AA99-4EB23CD794F7}.DebugFromRel|x86.Build.0 = Debug|Win32
		{8FDCDE28-C10D-48DB-AA99-4EB23CD794F7}.Release|x64.ActiveCfg = Release|x64
		{8FDCDE28-C10D-48DB-AA99-4EB23CD794F7}.Release|x64.Build.0 = Release|x64
		{8FDCDE28-C10D-48DB-AA99-4EB23CD794F7}.Release|x86.ActiveCfg = Release|Win32
		{8FDCDE28-C10D-48DB-AA99-4EB23CD794F7}.Release|x86.Build.0 = Release|Win32
		{8FDCDE28-C10D-48DB-AA99-4EB23CD794F7}.ReleaseForDebug|x64.ActiveCfg = ReleaseForDebug|x64
		{8FDCDE28-C10D-48DB-AA99-4EB23CD794F7}.ReleaseForDebug|x64.Build.0 = ReleaseForDebug|x64
		{8FDCDE28-C10D-48DB-AA99-4EB23CD794F7}.ReleaseForDebug|x86.ActiveCfg = ReleaseForDebug|Win32
		{8FDCDE28-C10D-48DB-AA99-4EB23CD794F7}.ReleaseForDebug|x86.Build.0 = ReleaseForDebug|Win32
	EndGlobalSection
	GlobalSection(SolutionProperties) = preSolution
		HideSolutionNode = FALSE
	EndGlobalSection
	GlobalSection(ExtensibilityGlobals) = postSolution
		SolutionGuid = {0B38D6B9-E2DA-4CBE-8E87-C570D8F806E6}
	EndGlobalSection
EndGlobal
