<?xml version="1.0" encoding="utf-8"?>
<Project ToolsVersion="4.0" xmlns="http://schemas.microsoft.com/developer/msbuild/2003">
  <ItemGroup>
    <Filter Include="Client">
      <UniqueIdentifier>{40ef0339-2dbe-450b-a56d-63e170e3b09d}</UniqueIdentifier>
    </Filter>
    <Filter Include="Library">
      <UniqueIdentifier>{55500c52-9df5-4007-ae2f-63c5b394db3f}</UniqueIdentifier>
    </Filter>
    <Filter Include="Library\Engine">
      <UniqueIdentifier>{34270ed4-ead7-434f-99e7-e09be3cb5f72}</UniqueIdentifier>
    </Filter>
    <Filter Include="Library\ObjectGL">
      <UniqueIdentifier>{938403cb-e514-4d23-9f62-7435fc31ab29}</UniqueIdentifier>
    </Filter>
    <Filter Include="Library\ThirdParty">
      <UniqueIdentifier>{48eea177-5ab3-4f68-9522-acf1acb23e81}</UniqueIdentifier>
    </Filter>
    <Filter Include="Library\ObjectGL\Base">
      <UniqueIdentifier>{324ebcc6-ef86-44b5-99fd-0c78021ca0a9}</UniqueIdentifier>
    </Filter>
    <Filter Include="Library\ObjectGL\Screen">
      <UniqueIdentifier>{034d6e96-3122-44e1-8bc9-0afd31be8032}</UniqueIdentifier>
    </Filter>
    <Filter Include="Library\ObjectGL\Window">
      <UniqueIdentifier>{2fdef15f-143f-43c0-a067-5601f0e89214}</UniqueIdentifier>
    </Filter>
    <Filter Include="Library\Engine\Screen">
      <UniqueIdentifier>{faa8a1fb-f8ab-4239-a282-d65fd76013cb}</UniqueIdentifier>
    </Filter>
    <Filter Include="Library\Engine\Screen\Window">
      <UniqueIdentifier>{dcfb751f-02d0-456a-8ce5-7e941ef94c46}</UniqueIdentifier>
    </Filter>
    <Filter Include="Library\Engine\Screen\Window\Win32">
      <UniqueIdentifier>{fcbcd317-e0c6-46af-b015-915ca0951c5c}</UniqueIdentifier>
    </Filter>
    <Filter Include="Library\Engine\Util">
      <UniqueIdentifier>{b7320418-1b03-4a4f-aaa9-3ee94646902a}</UniqueIdentifier>
    </Filter>
    <Filter Include="Library\Engine\Core">
      <UniqueIdentifier>{85203c66-abef-4161-aaef-96fe782b2477}</UniqueIdentifier>
    </Filter>
    <Filter Include="Library\Engine\Core\Light">
      <UniqueIdentifier>{9e53bb74-bd12-421c-981e-80f9fc88c03e}</UniqueIdentifier>
    </Filter>
    <Filter Include="Client\Scene">
      <UniqueIdentifier>{ad4fd66c-59e4-442a-bacd-4a9d64ac0c3c}</UniqueIdentifier>
    </Filter>
    <Filter Include="Library\Engine\Scene">
      <UniqueIdentifier>{302146b8-68e3-4c3a-a394-e9b649ccbc74}</UniqueIdentifier>
    </Filter>
    <Filter Include="Library\ObjectGL\Base\Object">
      <UniqueIdentifier>{8fe84b50-0461-4618-bcdb-62aa9e688012}</UniqueIdentifier>
    </Filter>
    <Filter Include="Library\ObjectGL\Window\DeviceContext">
      <UniqueIdentifier>{8af7c764-79c7-4f07-9927-a8562daeda3e}</UniqueIdentifier>
    </Filter>
    <Filter Include="Library\ObjectGL\Window\PixelFormatDescriptor">
      <UniqueIdentifier>{f95c1a72-7bc6-43ea-936d-7f013a24d382}</UniqueIdentifier>
    </Filter>
    <Filter Include="Library\Engine\Resource">
      <UniqueIdentifier>{ecef40ee-d93f-4cab-8b2f-136c6a28ff1f}</UniqueIdentifier>
    </Filter>
    <Filter Include="Library\Engine\glsl">
      <UniqueIdentifier>{f6f90474-e297-4fd2-b10a-133abe50951d}</UniqueIdentifier>
    </Filter>
    <Filter Include="Library\Engine\glsl\src">
      <UniqueIdentifier>{88d8d94f-7b10-4e38-bc63-fdf945689eeb}</UniqueIdentifier>
    </Filter>
    <Filter Include="Library\Engine\glsl\src\header">
      <UniqueIdentifier>{3bac93c9-1411-46c0-af50-1f42de981c41}</UniqueIdentifier>
    </Filter>
    <Filter Include="Library\ObjectGL\Util">
      <UniqueIdentifier>{da7db84b-332d-48e9-a7d9-9f3b2e3575af}</UniqueIdentifier>
    </Filter>
    <Filter Include="Library\ObjectGL\Core">
      <UniqueIdentifier>{be204fee-86b4-492c-a490-cc0a0631cd99}</UniqueIdentifier>
    </Filter>
    <Filter Include="Library\ObjectGL\Core\Buffer">
      <UniqueIdentifier>{a798ed51-0b4a-4e34-aca6-466044ec661a}</UniqueIdentifier>
    </Filter>
    <Filter Include="Library\ObjectGL\Core\Buffer\IndexBuffer">
      <UniqueIdentifier>{ef95daff-f606-42ea-ac12-c44192615c09}</UniqueIdentifier>
    </Filter>
    <Filter Include="Library\ObjectGL\Core\Buffer\VetexBuffer">
      <UniqueIdentifier>{fd4aa1e8-ce4c-452c-9be2-315ce49a77b8}</UniqueIdentifier>
    </Filter>
    <Filter Include="Library\ObjectGL\Core\Buffer\UniformBuffer">
      <UniqueIdentifier>{a9c1f834-d3e9-4caf-b14e-17dc6b704a87}</UniqueIdentifier>
    </Filter>
    <Filter Include="Library\ObjectGL\Core\Texture">
      <UniqueIdentifier>{c846faa4-6482-458b-b2ab-6ec1968bfa2a}</UniqueIdentifier>
    </Filter>
    <Filter Include="Library\ObjectGL\Core\Program">
      <UniqueIdentifier>{2c34af93-939b-47b4-8022-7c9757e09f72}</UniqueIdentifier>
    </Filter>
    <Filter Include="Library\ObjectGL\Core\VertexArray">
      <UniqueIdentifier>{e549524c-5b02-4517-9a9b-a3f7d6710f28}</UniqueIdentifier>
    </Filter>
    <Filter Include="Library\ObjectGL\Util\TextReader">
      <UniqueIdentifier>{a7d38c9a-62c8-48c6-b9ff-981072a80c67}</UniqueIdentifier>
    </Filter>
    <Filter Include="Library\ObjectGL\Util\Cache">
      <UniqueIdentifier>{267b567a-79a2-46e7-9b1d-1094404d344c}</UniqueIdentifier>
    </Filter>
    <Filter Include="Library\ObjectGL\Core\Buffer\VetexBuffer\Attribute">
      <UniqueIdentifier>{311645cc-9465-4698-88b9-5528edbd5d29}</UniqueIdentifier>
    </Filter>
    <Filter Include="Library\ObjectGL\Core\Texture\2D">
      <UniqueIdentifier>{5b0c6b38-8fb7-43d7-8fa2-69bb1f663ca0}</UniqueIdentifier>
    </Filter>
    <Filter Include="Library\Engine\Core\Light\PointLight">
      <UniqueIdentifier>{eaa21bfc-a62a-47b5-a80b-0889f086ce00}</UniqueIdentifier>
    </Filter>
    <Filter Include="Library\Engine\Core\Light\DirectionalLight">
      <UniqueIdentifier>{e809a8e1-3ade-4aa9-aa5f-0f6847f5df3c}</UniqueIdentifier>
    </Filter>
    <Filter Include="Library\Engine\Core\Light\SpotLight">
      <UniqueIdentifier>{bca2028a-f6ba-41b9-8be6-f578bf08232d}</UniqueIdentifier>
    </Filter>
    <Filter Include="Library\Engine\Core\Light\Component">
      <UniqueIdentifier>{660b2c97-34c6-48a7-83f5-fe9a181fd19c}</UniqueIdentifier>
    </Filter>
    <Filter Include="Library\Engine\Util\AssetImporter">
      <UniqueIdentifier>{055c2cd3-19ad-4286-92ad-a2a72620d20c}</UniqueIdentifier>
    </Filter>
    <Filter Include="Library\Engine\Core\Mesh">
      <UniqueIdentifier>{c6a0c799-5cc9-459b-bea4-41898520b1b5}</UniqueIdentifier>
    </Filter>
    <Filter Include="Library\Engine\Core\Material">
      <UniqueIdentifier>{ef3caaaf-7821-4b0f-9e3f-8df1fb4becf0}</UniqueIdentifier>
    </Filter>
    <Filter Include="Library\Engine\glsl\src\Phong">
      <UniqueIdentifier>{252da59a-5e56-4c85-bb0b-2aa9992a8f26}</UniqueIdentifier>
    </Filter>
    <Filter Include="Library\Engine\Core\Camera">
      <UniqueIdentifier>{6d56e642-984f-44b3-8303-b0f43bd14fe2}</UniqueIdentifier>
    </Filter>
    <Filter Include="Library\Engine\glsl\src\MonoColor">
      <UniqueIdentifier>{2aa16327-cca2-4334-aee2-9aa0aaa0c467}</UniqueIdentifier>
    </Filter>
    <Filter Include="Library\Engine\Util\TextureUtil">
      <UniqueIdentifier>{52787f59-c534-4780-bb74-d8eefb5899f2}</UniqueIdentifier>
    </Filter>
    <Filter Include="Library\ObjectGL\Core\Shader">
      <UniqueIdentifier>{debeaa5d-eeba-4a1d-a7e9-fcef0a709f13}</UniqueIdentifier>
    </Filter>
    <Filter Include="Library\ObjectGL\Core\Shader\Compiler">
      <UniqueIdentifier>{538b2c30-3018-4362-8a92-9eac16aabc89}</UniqueIdentifier>
    </Filter>
    <Filter Include="Library\ObjectGL\Core\Shader\Compiler\VertexShaderCompiler">
      <UniqueIdentifier>{045a9bc2-ccb4-4eb1-8e5c-a6d55b4cbfa8}</UniqueIdentifier>
    </Filter>
    <Filter Include="Library\ObjectGL\Core\Shader\Compiler\FragmentShaderCompiler">
      <UniqueIdentifier>{752acd6e-440c-417f-9101-87c6c8438c24}</UniqueIdentifier>
    </Filter>
    <Filter Include="Library\ObjectGL\Core\FrameBuffer">
      <UniqueIdentifier>{7dcc604a-543d-457f-b2ef-31d848d5cc22}</UniqueIdentifier>
    </Filter>
    <Filter Include="Library\ObjectGL\Core\RenderBuffer">
      <UniqueIdentifier>{c0c6972c-3c31-46b1-a9f4-8d9b6ae09542}</UniqueIdentifier>
    </Filter>
    <Filter Include="Library\Engine\Core\PostProcess">
      <UniqueIdentifier>{544d25ea-ba82-4b25-8a74-c875646c8db2}</UniqueIdentifier>
    </Filter>
    <Filter Include="Library\Engine\Core\Program">
      <UniqueIdentifier>{00e169e1-0915-4999-8b38-e6e483004065}</UniqueIdentifier>
    </Filter>
    <Filter Include="Library\Engine\Core\VertexArray">
      <UniqueIdentifier>{f7ed1d65-d6ae-47e6-b447-93aab8d18704}</UniqueIdentifier>
    </Filter>
    <Filter Include="Library\Engine\Core\VertexAttribute">
      <UniqueIdentifier>{1a44d6a6-f883-4580-8afd-86f9aa6ef892}</UniqueIdentifier>
    </Filter>
    <Filter Include="Library\Engine\glsl\src\PostProcess">
      <UniqueIdentifier>{1f05438f-7b01-465f-8614-db486fca48da}</UniqueIdentifier>
    </Filter>
    <Filter Include="Library\Engine\glsl\src\header\PostProcess">
      <UniqueIdentifier>{9f815d8b-31f5-4681-a55f-4dde087a3352}</UniqueIdentifier>
    </Filter>
    <Filter Include="Library\Engine\Core\PostProcess\Forward">
      <UniqueIdentifier>{d0c53191-d403-4a76-b291-0be2d50313d6}</UniqueIdentifier>
    </Filter>
    <Filter Include="Library\Engine\glsl\src\PostProcess\Forward">
      <UniqueIdentifier>{57e1cc38-6664-435b-be55-526c7105dd0a}</UniqueIdentifier>
    </Filter>
    <Filter Include="Library\Engine\Core\PostProcess\Negative">
      <UniqueIdentifier>{54e77958-b59c-4456-bdf2-1dd9443c6e3c}</UniqueIdentifier>
    </Filter>
    <Filter Include="Library\Engine\glsl\src\PostProcess\Negative">
      <UniqueIdentifier>{57cae57f-93ad-49fb-98f1-e6d912bf9540}</UniqueIdentifier>
    </Filter>
    <Filter Include="Library\Engine\Core\PostProcess\Grayscale">
      <UniqueIdentifier>{f256c2a5-c2b0-4aa2-8d09-6e44f5717394}</UniqueIdentifier>
    </Filter>
    <Filter Include="Library\Engine\glsl\src\PostProcess\Grayscale">
      <UniqueIdentifier>{e43e673f-0def-4f7e-a8f2-d5dcc2107115}</UniqueIdentifier>
    </Filter>
    <Filter Include="Library\Engine\Core\PostProcess\Convolution">
      <UniqueIdentifier>{5bac6968-114f-4a5c-a2b8-569d10ca0e63}</UniqueIdentifier>
    </Filter>
    <Filter Include="Library\Engine\glsl\src\PostProcess\Convolutional">
      <UniqueIdentifier>{f5748167-2cf5-48f7-9100-5b9bb49e3e3f}</UniqueIdentifier>
    </Filter>
    <Filter Include="Library\Engine\Core\PostProcess\Pipeline">
      <UniqueIdentifier>{a1f3f641-4c8c-468a-9cc9-fdce80b56f12}</UniqueIdentifier>
    </Filter>
    <Filter Include="Library\ObjectGL\Core\Texture\Cubemap">
      <UniqueIdentifier>{75106aa7-e621-4fca-b08e-f1a72f3507c4}</UniqueIdentifier>
    </Filter>
    <Filter Include="Library\Engine\Core\Skybox">
      <UniqueIdentifier>{a37ba400-20b3-4e6f-900f-8dbdf24793b6}</UniqueIdentifier>
    </Filter>
    <Filter Include="Library\Engine\glsl\src\Reflection">
      <UniqueIdentifier>{c9435396-cefc-466b-96ff-9c1ca7bd3f3f}</UniqueIdentifier>
    </Filter>
    <Filter Include="Library\Engine\glsl\src\Refraction">
      <UniqueIdentifier>{d8c90626-3263-4f58-9381-de5f2938fd72}</UniqueIdentifier>
    </Filter>
    <Filter Include="Library\ObjectGL\Core\Shader\Compiler\GeometryShaderCompiler">
      <UniqueIdentifier>{55ce2923-a802-4c6d-a7c7-3ec1bd089d37}</UniqueIdentifier>
    </Filter>
    <Filter Include="Library\ObjectGL\Core\Texture\Multisample">
      <UniqueIdentifier>{2bdb1d60-2992-4367-b68c-6534d3fefd5a}</UniqueIdentifier>
    </Filter>
    <Filter Include="Library\ObjectGL\Core\RenderBuffer\Multisample">
      <UniqueIdentifier>{42a71b5e-dac5-42cd-865a-89f7e6c8698f}</UniqueIdentifier>
    </Filter>
    <Filter Include="Library\Engine\glsl\src\PostProcess\MSAA">
      <UniqueIdentifier>{7073577a-a355-4573-9070-ab9ebaf6d3ee}</UniqueIdentifier>
    </Filter>
    <Filter Include="Library\Engine\Core\PostProcess\GammaCorrection">
      <UniqueIdentifier>{bb4efd17-7a8e-4fe1-9c60-687604247037}</UniqueIdentifier>
    </Filter>
    <Filter Include="Library\Engine\glsl\src\PostProcess\GammaCorrection">
      <UniqueIdentifier>{0a370d87-62b4-4a9c-9fb1-300d9115d36c}</UniqueIdentifier>
    </Filter>
    <Filter Include="Library\Engine\glsl\src\DepthBaking">
      <UniqueIdentifier>{1ec03cb1-c1b1-4011-a6e0-17b22f064259}</UniqueIdentifier>
    </Filter>
    <Filter Include="Library\ObjectGL\Window\RenderContext">
      <UniqueIdentifier>{c18b8a4f-b1c9-40c7-b61a-0113e3c34791}</UniqueIdentifier>
    </Filter>
    <Filter Include="Library\Engine\Util\RCDSRegisterer">
      <UniqueIdentifier>{8a6973dc-b73e-44b5-9e74-e57e8200e459}</UniqueIdentifier>
    </Filter>
    <Filter Include="Library\ObjectGL\Window\RenderContext\debug">
      <UniqueIdentifier>{b16b60c1-526b-4ecc-8314-6afe305cf35f}</UniqueIdentifier>
    </Filter>
    <Filter Include="Library\Engine\glsl\src\FullscreenQuad">
      <UniqueIdentifier>{f512f6a4-908a-4994-8ee2-54a2aa0b81f4}</UniqueIdentifier>
    </Filter>
    <Filter Include="Library\Engine\Core\UniformBuffer">
      <UniqueIdentifier>{fe0f8538-1828-4756-b6b0-26cf2f536f13}</UniqueIdentifier>
    </Filter>
    <Filter Include="Library\Engine\glsl\src\Skybox">
      <UniqueIdentifier>{def7da53-7ec5-423b-a51f-c69969a97116}</UniqueIdentifier>
    </Filter>
    <Filter Include="Library\ObjectGL\Core\Texture\Cubemap\Attachable">
      <UniqueIdentifier>{d348c4ca-7d25-4494-9a15-a10708887741}</UniqueIdentifier>
    </Filter>
    <Filter Include="Library\Engine\Core\DepthBaker">
      <UniqueIdentifier>{9be01203-6085-4989-847c-cbbc193e71ba}</UniqueIdentifier>
    </Filter>
    <Filter Include="Library\Engine\Core\PostProcess\HDR">
      <UniqueIdentifier>{73a6dd12-a07f-4b1b-aebe-38f997d0d534}</UniqueIdentifier>
    </Filter>
    <Filter Include="Library\Engine\glsl\src\PostProcess\HDR">
      <UniqueIdentifier>{f11611d6-ce8f-4b1c-8923-299254728022}</UniqueIdentifier>
    </Filter>
    <Filter Include="Library\Engine\Core\Transform">
      <UniqueIdentifier>{d29a7690-d9e3-43ed-8f2b-1f2fd48229fe}</UniqueIdentifier>
    </Filter>
    <Filter Include="Library\Engine\Core\Animation">
      <UniqueIdentifier>{c94b5472-1c11-47f5-bbc1-844a1dfa70c5}</UniqueIdentifier>
    </Filter>
    <Filter Include="Library\Engine\Core\Animation\Bone">
      <UniqueIdentifier>{d578eb26-c5ca-47ca-a0d7-a5a88171059a}</UniqueIdentifier>
    </Filter>
    <Filter Include="Library\Engine\Core\Animation\Timeline">
      <UniqueIdentifier>{f9bd5f81-ea7e-4d55-b9be-fc6232a0ddc2}</UniqueIdentifier>
    </Filter>
    <Filter Include="Library\Engine\Core\SceneObject">
      <UniqueIdentifier>{b5d8fa38-5854-4a3b-a3cb-23e3f2ab752c}</UniqueIdentifier>
    </Filter>
    <Filter Include="Library\Engine\Core\Animation\SceneNodeConnecter">
      <UniqueIdentifier>{637fefa0-41b4-453f-812c-aec19052aa5f}</UniqueIdentifier>
    </Filter>
    <Filter Include="Library\Engine\Core\Animation\Joint">
      <UniqueIdentifier>{ad93b38b-9f13-419a-870e-4dcd706043e3}</UniqueIdentifier>
    </Filter>
    <Filter Include="Library\Engine\Core\PostProcess\Bloom">
      <UniqueIdentifier>{1c85800a-d09e-4b49-96b4-a30101487308}</UniqueIdentifier>
    </Filter>
    <Filter Include="Library\Engine\glsl\src\PostProcess\Bloom">
      <UniqueIdentifier>{f81f970b-420e-4ecb-8348-b8362299682f}</UniqueIdentifier>
    </Filter>
    <Filter Include="Library\Engine\Base">
      <UniqueIdentifier>{462d87cf-07d8-4802-8902-81a836f74a69}</UniqueIdentifier>
    </Filter>
    <Filter Include="Library\Engine\Base\Interface">
      <UniqueIdentifier>{5193592d-2a04-40d3-ad5e-e60f11df3d0d}</UniqueIdentifier>
    </Filter>
    <Filter Include="Library\ObjectGL\Core\Texture\Rectangle">
      <UniqueIdentifier>{f01cefe3-654c-469c-9a81-193740a2ae36}</UniqueIdentifier>
    </Filter>
    <Filter Include="Library\ObjectGL\Core\Texture\Attachable">
      <UniqueIdentifier>{a5fd34c0-4298-4710-be0a-36ec2a86af53}</UniqueIdentifier>
    </Filter>
    <Filter Include="Library\Engine\Core\Attachment">
      <UniqueIdentifier>{ec28e0ba-6ad7-4457-a2c1-eb224bdcc237}</UniqueIdentifier>
    </Filter>
    <Filter Include="Library\Engine\glsl\src\RenderingPipeline">
      <UniqueIdentifier>{f0f7291e-009e-40ac-909f-65870a3f0128}</UniqueIdentifier>
    </Filter>
    <Filter Include="Library\Engine\glsl\src\RenderingPipeline\LightPrePass">
      <UniqueIdentifier>{e159e519-be72-45b5-b9e1-9e4d7cf52838}</UniqueIdentifier>
    </Filter>
    <Filter Include="Library\Engine\glsl\src\PositionOnly">
      <UniqueIdentifier>{5fd8705d-1492-4d5e-96e9-bf2f244f25c5}</UniqueIdentifier>
    </Filter>
    <Filter Include="Library\Engine\Util\FullscreenDrawer">
      <UniqueIdentifier>{23ccec23-bf6e-4a72-935a-cc24174b3dfb}</UniqueIdentifier>
    </Filter>
    <Filter Include="Library\Engine\Core\Material\RawDrawcall">
      <UniqueIdentifier>{20ab9515-3197-4925-884d-9f9313f6e727}</UniqueIdentifier>
    </Filter>
    <Filter Include="Library\Engine\Core\Material\MonoColor">
      <UniqueIdentifier>{734826c7-732c-4884-aa39-cb4809da0a5e}</UniqueIdentifier>
    </Filter>
    <Filter Include="Library\Engine\Core\Material\Phong">
      <UniqueIdentifier>{ab5bf8b7-8238-42ab-9ada-784f7fe19f6a}</UniqueIdentifier>
    </Filter>
    <Filter Include="Library\Engine\Core\Material\Reflection">
      <UniqueIdentifier>{1a59e1fc-8294-4e0f-8969-e6bdf8e60eac}</UniqueIdentifier>
    </Filter>
    <Filter Include="Library\Engine\Core\Material\Refraction">
      <UniqueIdentifier>{b889325a-f343-423b-ac0a-60088a9e4d77}</UniqueIdentifier>
    </Filter>
    <Filter Include="Library\Engine\glsl\src\header\RenderingPipeline">
      <UniqueIdentifier>{5e7bf512-2c44-4f7e-8d74-3d8a163b8346}</UniqueIdentifier>
    </Filter>
    <Filter Include="Library\Engine\Core\Pipeline">
      <UniqueIdentifier>{81f11e0c-1529-47cd-86b8-fffa0f2de60e}</UniqueIdentifier>
    </Filter>
    <Filter Include="Library\Engine\Core\Pipeline\RenderingPipeline">
      <UniqueIdentifier>{43d9593c-ad82-4046-b926-ae8493aaebb5}</UniqueIdentifier>
    </Filter>
    <Filter Include="Library\Engine\Core\Pipeline\RenderingPipeline\Forward">
      <UniqueIdentifier>{cb523675-f2c8-48ab-8937-75ab386beb0d}</UniqueIdentifier>
    </Filter>
    <Filter Include="Library\Engine\Core\Pipeline\RenderingPipeline\LightPrePass">
      <UniqueIdentifier>{20a8bcaa-ca4a-456d-afc2-bc29f5ce5e62}</UniqueIdentifier>
    </Filter>
    <Filter Include="Library\ObjectGL\Window\RenderContext\StateManager">
      <UniqueIdentifier>{fb29fcae-69f7-4242-8ff3-242cd84761ca}</UniqueIdentifier>
    </Filter>
    <Filter Include="Library\Engine\Core\RenderTransaction">
      <UniqueIdentifier>{12820f0f-d323-48e4-a13d-e780abc5bff9}</UniqueIdentifier>
    </Filter>
    <Filter Include="Library\Engine\glsl\src\header\VariableInOut">
      <UniqueIdentifier>{b4bdd6ad-b286-4d7a-b2ff-884820f603d1}</UniqueIdentifier>
    </Filter>
    <Filter Include="Library\Engine\glsl\src\header\Animation">
      <UniqueIdentifier>{dc9aa90b-d0d5-4607-8d83-26025833535f}</UniqueIdentifier>
    </Filter>
    <Filter Include="Library\Engine\glsl\src\header\DepthBaking">
      <UniqueIdentifier>{8df14e70-5f1b-4f7b-87ad-9c393841c29c}</UniqueIdentifier>
    </Filter>
    <Filter Include="Library\Engine\glsl\src\header\Wboit">
      <UniqueIdentifier>{26a2094d-823f-43d7-ad82-305c64179bff}</UniqueIdentifier>
    </Filter>
    <Filter Include="Library\Engine\glsl\src\Wboit">
      <UniqueIdentifier>{de8fc677-83f7-4448-9b55-dbc084a0c6d9}</UniqueIdentifier>
    </Filter>
    <Filter Include="Library\Engine\Core\UniformBuffer\Interface">
      <UniqueIdentifier>{9b4c7e4c-e1ba-41d1-b6cf-d8f2a42fcc77}</UniqueIdentifier>
    </Filter>
    <Filter Include="Library\Engine\Core\UniformBuffer\Interface\TranslucencySwitcher">
      <UniqueIdentifier>{2ada1e35-5c60-4629-b2df-c3bf34314701}</UniqueIdentifier>
    </Filter>
    <Filter Include="Library\Engine\Core\UniformBuffer\Interface\Material">
      <UniqueIdentifier>{9df80993-0dc6-4a4f-89d9-3f34feb528a5}</UniqueIdentifier>
    </Filter>
    <Filter Include="Library\Engine\Core\UniformBuffer\Interface\Light">
      <UniqueIdentifier>{2abcae1f-23ae-4551-a927-39089e635c95}</UniqueIdentifier>
    </Filter>
    <Filter Include="Library\Engine\Core\UniformBuffer\Interface\Camera">
      <UniqueIdentifier>{8d3ac476-e47e-44c4-b1bc-75ca9d0818b2}</UniqueIdentifier>
    </Filter>
    <Filter Include="Library\Engine\Core\UniformBuffer\Interface\Convolution">
      <UniqueIdentifier>{e8928d52-af26-4010-9e63-a682fc85edfa}</UniqueIdentifier>
    </Filter>
    <Filter Include="Library\Engine\Core\UniformBuffer\Interface\GammaCorrection">
      <UniqueIdentifier>{f2a1c169-b79e-4c73-bd78-c9e4ddbb5450}</UniqueIdentifier>
    </Filter>
    <Filter Include="Library\Engine\Core\UniformBuffer\Interface\Skybox">
      <UniqueIdentifier>{9125e9cd-681c-477e-a823-6a99a5f34da5}</UniqueIdentifier>
    </Filter>
    <Filter Include="Library\Engine\Core\UniformBuffer\Interface\TextureContainer">
      <UniqueIdentifier>{f40a16ef-e699-4766-8a23-b1014a04b21a}</UniqueIdentifier>
    </Filter>
    <Filter Include="Library\Engine\Core\UniformBuffer\Interface\DepthBacking2D">
      <UniqueIdentifier>{0ba7d488-a1d5-4a7c-bdfb-5257526a7356}</UniqueIdentifier>
    </Filter>
    <Filter Include="Library\Engine\Core\UniformBuffer\Interface\DepthBackingCubemap">
      <UniqueIdentifier>{e68815e0-46ca-4af0-bb55-9ac56eb06a35}</UniqueIdentifier>
    </Filter>
    <Filter Include="Library\Engine\Core\UniformBuffer\Interface\HDR">
      <UniqueIdentifier>{593aa98d-7619-41f5-be0e-9a9cfaca0fb6}</UniqueIdentifier>
    </Filter>
    <Filter Include="Library\Engine\Core\UniformBuffer\Interface\Bloom">
      <UniqueIdentifier>{48f3c2da-eb36-427c-a369-ccb92c92eb06}</UniqueIdentifier>
    </Filter>
    <Filter Include="Library\Engine\Core\UniformBuffer\Interface\Joint">
      <UniqueIdentifier>{e1aaa1c2-808f-463b-bcc0-1bc40972bcaa}</UniqueIdentifier>
    </Filter>
    <Filter Include="Library\Engine\Core\UniformBuffer\Interface\Bone">
      <UniqueIdentifier>{fde86cad-763f-4909-be01-8eefcabfc118}</UniqueIdentifier>
    </Filter>
    <Filter Include="Library\Engine\Core\UniformBuffer\Interface\Phong">
      <UniqueIdentifier>{631987f4-7d70-4b20-b899-ef4e484be1cc}</UniqueIdentifier>
    </Filter>
    <Filter Include="Library\Engine\Core\UniformBuffer\Interface\LightPrePass">
      <UniqueIdentifier>{3e730d15-19c1-415e-8dc3-effb06b79b45}</UniqueIdentifier>
    </Filter>
  </ItemGroup>
  <ItemGroup>
    <ClCompile Include="BufferException.cpp">
      <Filter>Library\ObjectGL\Core\Buffer</Filter>
    </ClCompile>
    <ClCompile Include="Texture2D.cpp">
      <Filter>Library\ObjectGL\Core\Texture\2D</Filter>
    </ClCompile>
    <ClCompile Include="TextureException.cpp">
      <Filter>Library\ObjectGL\Core\Texture</Filter>
    </ClCompile>
    <ClCompile Include="Program.cpp">
      <Filter>Library\ObjectGL\Core\Program</Filter>
    </ClCompile>
    <ClCompile Include="ProgramException.cpp">
      <Filter>Library\ObjectGL\Core\Program</Filter>
    </ClCompile>
    <ClCompile Include="Shader.cpp">
      <Filter>Library\ObjectGL\Core\Shader</Filter>
    </ClCompile>
    <ClCompile Include="RCException.cpp">
      <Filter>Library\ObjectGL\Window\RenderContext</Filter>
    </ClCompile>
    <ClCompile Include="stb_image.cpp">
      <Filter>Library\ThirdParty</Filter>
    </ClCompile>
    <ClCompile Include="VertexBuffer.cpp">
      <Filter>Library\ObjectGL\Core\Buffer\VetexBuffer</Filter>
    </ClCompile>
    <ClCompile Include="DeviceContext.cpp">
      <Filter>Library\ObjectGL\Window\DeviceContext</Filter>
    </ClCompile>
    <ClCompile Include="DCException.cpp">
      <Filter>Library\ObjectGL\Window\DeviceContext</Filter>
    </ClCompile>
    <ClCompile Include="main.cpp">
      <Filter>Client</Filter>
    </ClCompile>
    <ClCompile Include="Win32Screen.cpp">
      <Filter>Library\Engine\Screen\Window\Win32</Filter>
    </ClCompile>
    <ClCompile Include="Screen.cpp">
      <Filter>Library\ObjectGL\Screen</Filter>
    </ClCompile>
    <ClCompile Include="Light.cpp">
      <Filter>Library\Engine\Core\Light</Filter>
    </ClCompile>
    <ClCompile Include="IndexBuffer.cpp">
      <Filter>Library\ObjectGL\Core\Buffer\IndexBuffer</Filter>
    </ClCompile>
    <ClCompile Include="VertexArray.cpp">
      <Filter>Library\ObjectGL\Core\VertexArray</Filter>
    </ClCompile>
    <ClCompile Include="VertexArrayException.cpp">
      <Filter>Library\ObjectGL\Core\VertexArray</Filter>
    </ClCompile>
    <ClCompile Include="Camera.cpp">
      <Filter>Library\Engine\Core\Camera</Filter>
    </ClCompile>
    <ClCompile Include="Scene.cpp">
      <Filter>Library\Engine\Scene</Filter>
    </ClCompile>
    <ClCompile Include="UniformBuffer.cpp">
      <Filter>Library\ObjectGL\Core\Buffer\UniformBuffer</Filter>
    </ClCompile>
    <ClCompile Include="ScreenEventHandler.cpp">
      <Filter>Library\ObjectGL\Screen</Filter>
    </ClCompile>
    <ClCompile Include="ResourceManager.cpp">
      <Filter>Library\Engine\Resource</Filter>
    </ClCompile>
    <ClCompile Include="ProgramFactory.cpp">
      <Filter>Library\Engine\Core\Program</Filter>
    </ClCompile>
    <ClCompile Include="TextReader.cpp">
      <Filter>Library\ObjectGL\Util\TextReader</Filter>
    </ClCompile>
    <ClCompile Include="Win32ScreenException.cpp">
      <Filter>Library\Engine\Screen\Window\Win32</Filter>
    </ClCompile>
    <ClCompile Include="ShaderCompilerException.cpp">
      <Filter>Library\ObjectGL\Core\Shader\Compiler</Filter>
    </ClCompile>
    <ClCompile Include="ShaderCompiler.cpp">
      <Filter>Library\ObjectGL\Core\Shader\Compiler</Filter>
    </ClCompile>
    <ClCompile Include="VertexShaderCompiler.cpp">
      <Filter>Library\ObjectGL\Core\Shader\Compiler\VertexShaderCompiler</Filter>
    </ClCompile>
    <ClCompile Include="FragmentShaderCompiler.cpp">
      <Filter>Library\ObjectGL\Core\Shader\Compiler\FragmentShaderCompiler</Filter>
    </ClCompile>
    <ClCompile Include="PointLight.cpp">
      <Filter>Library\Engine\Core\Light\PointLight</Filter>
    </ClCompile>
    <ClCompile Include="DirectionalLight.cpp">
      <Filter>Library\Engine\Core\Light\DirectionalLight</Filter>
    </ClCompile>
    <ClCompile Include="SpotLight.cpp">
      <Filter>Library\Engine\Core\Light\SpotLight</Filter>
    </ClCompile>
    <ClCompile Include="AttenuatedLightComponent.cpp">
      <Filter>Library\Engine\Core\Light\Component</Filter>
    </ClCompile>
    <ClCompile Include="SpotLightComponent.cpp">
      <Filter>Library\Engine\Core\Light\Component</Filter>
    </ClCompile>
    <ClCompile Include="LightException.cpp">
      <Filter>Library\Engine\Core\Light</Filter>
    </ClCompile>
    <ClCompile Include="LightBaseComponent.cpp">
      <Filter>Library\Engine\Core\Light\Component</Filter>
    </ClCompile>
    <ClCompile Include="AssetImporter.cpp">
      <Filter>Library\Engine\Util\AssetImporter</Filter>
    </ClCompile>
    <ClCompile Include="AssetImporterException.cpp">
      <Filter>Library\Engine\Util\AssetImporter</Filter>
    </ClCompile>
    <ClCompile Include="VertexAttributeListFactory.cpp">
      <Filter>Library\Engine\Core\VertexAttribute</Filter>
    </ClCompile>
    <ClCompile Include="Mesh.cpp">
      <Filter>Library\Engine\Core\Mesh</Filter>
    </ClCompile>
    <ClCompile Include="Material.cpp">
      <Filter>Library\Engine\Core\Material</Filter>
    </ClCompile>
    <ClCompile Include="PhongMaterial.cpp">
      <Filter>Library\Engine\Core\Material\Phong</Filter>
    </ClCompile>
    <ClCompile Include="ShaderIdentifier.cpp">
      <Filter>Library\Engine\glsl</Filter>
    </ClCompile>
    <ClCompile Include="MonoColorMaterial.cpp">
      <Filter>Library\Engine\Core\Material\MonoColor</Filter>
    </ClCompile>
    <ClCompile Include="TextureUtil.cpp">
      <Filter>Library\Engine\Util\TextureUtil</Filter>
    </ClCompile>
    <ClCompile Include="TextureUtilException.cpp">
      <Filter>Library\Engine\Util\TextureUtil</Filter>
    </ClCompile>
    <ClCompile Include="VertexArrayFactory.cpp">
      <Filter>Library\Engine\Core\VertexArray</Filter>
    </ClCompile>
    <ClCompile Include="FrameBufferException.cpp">
      <Filter>Library\ObjectGL\Core\FrameBuffer</Filter>
    </ClCompile>
    <ClCompile Include="FrameBuffer.cpp">
      <Filter>Library\ObjectGL\Core\FrameBuffer</Filter>
    </ClCompile>
    <ClCompile Include="RenderBufferException.cpp">
      <Filter>Library\ObjectGL\Core\RenderBuffer</Filter>
    </ClCompile>
    <ClCompile Include="NegativePostProcessor.cpp">
      <Filter>Library\Engine\Core\PostProcess\Negative</Filter>
    </ClCompile>
    <ClCompile Include="GrayscalePostProcessor.cpp">
      <Filter>Library\Engine\Core\PostProcess\Grayscale</Filter>
    </ClCompile>
    <ClCompile Include="ConvolutionalPostProcessor.cpp">
      <Filter>Library\Engine\Core\PostProcess\Convolution</Filter>
    </ClCompile>
    <ClCompile Include="PostProcessor.cpp">
      <Filter>Library\Engine\Core\PostProcess</Filter>
    </ClCompile>
    <ClCompile Include="TextureCubemap.cpp">
      <Filter>Library\ObjectGL\Core\Texture\Cubemap</Filter>
    </ClCompile>
    <ClCompile Include="Skybox.cpp">
      <Filter>Library\Engine\Core\Skybox</Filter>
    </ClCompile>
    <ClCompile Include="ReflectionMaterial.cpp">
      <Filter>Library\Engine\Core\Material\Reflection</Filter>
    </ClCompile>
    <ClCompile Include="RefractionMaterial.cpp">
      <Filter>Library\Engine\Core\Material\Refraction</Filter>
    </ClCompile>
    <ClCompile Include="GeometryShaderCompiler.cpp">
      <Filter>Library\ObjectGL\Core\Shader\Compiler\GeometryShaderCompiler</Filter>
    </ClCompile>
    <ClCompile Include="TextureMultisample.cpp">
      <Filter>Library\ObjectGL\Core\Texture\Multisample</Filter>
    </ClCompile>
    <ClCompile Include="RenderBufferMultisample.cpp">
      <Filter>Library\ObjectGL\Core\RenderBuffer\Multisample</Filter>
    </ClCompile>
    <ClCompile Include="TextureBase.cpp">
      <Filter>Library\ObjectGL\Core\Texture</Filter>
    </ClCompile>
    <ClCompile Include="RenderBufferBase.cpp">
      <Filter>Library\ObjectGL\Core\RenderBuffer</Filter>
    </ClCompile>
    <ClCompile Include="RenderBuffer.cpp">
      <Filter>Library\ObjectGL\Core\RenderBuffer</Filter>
    </ClCompile>
    <ClCompile Include="GammaCorrectionPostProcessor.cpp">
      <Filter>Library\Engine\Core\PostProcess\GammaCorrection</Filter>
    </ClCompile>
    <ClCompile Include="RenderContext.cpp">
      <Filter>Library\ObjectGL\Window\RenderContext</Filter>
    </ClCompile>
    <ClCompile Include="RCDSRegisterer.cpp">
      <Filter>Library\Engine\Util\RCDSRegisterer</Filter>
    </ClCompile>
    <ClCompile Include="IndexType.cpp">
      <Filter>Library\ObjectGL\Core\Buffer\IndexBuffer</Filter>
    </ClCompile>
    <ClCompile Include="PerspectiveCamera.cpp">
      <Filter>Library\Engine\Core\Camera</Filter>
    </ClCompile>
    <ClCompile Include="OrthoCamera.cpp">
      <Filter>Library\Engine\Core\Camera</Filter>
    </ClCompile>
    <ClCompile Include="TransformableCamera.cpp">
      <Filter>Library\Engine\Core\Camera</Filter>
    </ClCompile>
    <ClCompile Include="AttachableTexture2D.cpp">
      <Filter>Library\ObjectGL\Core\Texture\Attachable</Filter>
    </ClCompile>
    <ClCompile Include="DepthBakerBase.cpp">
      <Filter>Library\Engine\Core\DepthBaker</Filter>
    </ClCompile>
    <ClCompile Include="DepthBaker2D.cpp">
      <Filter>Library\Engine\Core\DepthBaker</Filter>
    </ClCompile>
    <ClCompile Include="AttachableTextureCubemap.cpp">
      <Filter>Library\ObjectGL\Core\Texture\Cubemap\Attachable</Filter>
    </ClCompile>
    <ClCompile Include="DepthBakerCubemap.cpp">
      <Filter>Library\Engine\Core\DepthBaker</Filter>
    </ClCompile>
    <ClCompile Include="TransformableLight.cpp">
      <Filter>Library\Engine\Core\Light</Filter>
    </ClCompile>
    <ClCompile Include="OrthoLight.cpp">
      <Filter>Library\Engine\Core\Light</Filter>
    </ClCompile>
    <ClCompile Include="PerspectiveLight.cpp">
      <Filter>Library\Engine\Core\Light</Filter>
    </ClCompile>
    <ClCompile Include="VertexAttributeDataStructureFactory.cpp">
      <Filter>Library\Engine\Core\VertexAttribute</Filter>
    </ClCompile>
    <ClCompile Include="HDRTestScene.cpp">
      <Filter>Client\Scene</Filter>
    </ClCompile>
    <ClCompile Include="HDRPostProcessor.cpp">
      <Filter>Library\Engine\Core\PostProcess\HDR</Filter>
    </ClCompile>
    <ClCompile Include="Transform.cpp">
      <Filter>Library\Engine\Core\Transform</Filter>
    </ClCompile>
    <ClCompile Include="Quaternion.cpp">
      <Filter>Library\Engine\Core\Transform</Filter>
    </ClCompile>
    <ClCompile Include="BoneException.cpp">
      <Filter>Library\Engine\Core\Animation\Bone</Filter>
    </ClCompile>
    <ClCompile Include="TransformTimeline.cpp">
      <Filter>Library\Engine\Core\Animation\Timeline</Filter>
    </ClCompile>
    <ClCompile Include="Animation.cpp">
      <Filter>Library\Engine\Core\Animation</Filter>
    </ClCompile>
    <ClCompile Include="AnimationManager.cpp">
      <Filter>Library\Engine\Core\Animation</Filter>
    </ClCompile>
    <ClCompile Include="BoneManager.cpp">
      <Filter>Library\Engine\Core\Animation\Bone</Filter>
    </ClCompile>
    <ClCompile Include="Bone.cpp">
      <Filter>Library\Engine\Core\Animation\Bone</Filter>
    </ClCompile>
    <ClCompile Include="ModelMatrixBuffer.cpp">
      <Filter>Library\Engine\Core\SceneObject</Filter>
    </ClCompile>
    <ClCompile Include="SceneObjectNode.cpp">
      <Filter>Library\Engine\Core\SceneObject</Filter>
    </ClCompile>
    <ClCompile Include="SceneObject.cpp">
      <Filter>Library\Engine\Core\SceneObject</Filter>
    </ClCompile>
    <ClCompile Include="SceneNodeConnecterBase.cpp">
      <Filter>Library\Engine\Core\Animation\SceneNodeConnecter</Filter>
    </ClCompile>
    <ClCompile Include="StaticSceneNodeConnecter.cpp">
      <Filter>Library\Engine\Core\Animation\SceneNodeConnecter</Filter>
    </ClCompile>
    <ClCompile Include="AnimatingSceneNodeConnecter.cpp">
      <Filter>Library\Engine\Core\Animation\SceneNodeConnecter</Filter>
    </ClCompile>
    <ClCompile Include="Joint.cpp">
      <Filter>Library\Engine\Core\Animation\Joint</Filter>
    </ClCompile>
    <ClCompile Include="AssimpDataStructureConverter.cpp">
      <Filter>Library\Engine\Util\AssetImporter</Filter>
    </ClCompile>
    <ClCompile Include="JointManager.cpp">
      <Filter>Library\Engine\Core\Animation\Joint</Filter>
    </ClCompile>
    <ClCompile Include="SceneNodeConnecterManager.cpp">
      <Filter>Library\Engine\Core\Animation\SceneNodeConnecter</Filter>
    </ClCompile>
    <ClCompile Include="ForwardPostProcessor.cpp">
      <Filter>Library\Engine\Core\PostProcess\Forward</Filter>
    </ClCompile>
    <ClCompile Include="BloomPostProcessor.cpp">
      <Filter>Library\Engine\Core\PostProcess\Bloom</Filter>
    </ClCompile>
    <ClCompile Include="VertexArrayFactoryException.cpp">
      <Filter>Library\Engine\Core\VertexArray</Filter>
    </ClCompile>
    <ClCompile Include="RenderingPipeline.cpp">
      <Filter>Library\Engine\Core\Pipeline\RenderingPipeline</Filter>
    </ClCompile>
    <ClCompile Include="TextureRectangle.cpp">
      <Filter>Library\ObjectGL\Core\Texture\Rectangle</Filter>
    </ClCompile>
    <ClCompile Include="AttachableTextureRectangle.cpp">
      <Filter>Library\ObjectGL\Core\Texture\Attachable</Filter>
    </ClCompile>
    <ClCompile Include="AttachmentServer.cpp">
      <Filter>Library\Engine\Core\Attachment</Filter>
    </ClCompile>
    <ClCompile Include="AttachmentServerException.cpp">
      <Filter>Library\Engine\Core\Attachment</Filter>
    </ClCompile>
    <ClCompile Include="FullscreenDrawer.cpp">
      <Filter>Library\Engine\Util\FullscreenDrawer</Filter>
    </ClCompile>
    <ClCompile Include="RawDrawcallMaterial.cpp">
      <Filter>Library\Engine\Core\Material\RawDrawcall</Filter>
    </ClCompile>
    <ClCompile Include="MaterialException.cpp">
      <Filter>Library\Engine\Core\Material</Filter>
    </ClCompile>
    <ClCompile Include="LightManager.cpp">
      <Filter>Library\Engine\Core\Light</Filter>
    </ClCompile>
    <ClCompile Include="LightingTestScene.cpp">
      <Filter>Client\Scene</Filter>
    </ClCompile>
    <ClCompile Include="ForwardRenderingPipeline.cpp">
      <Filter>Library\Engine\Core\Pipeline\RenderingPipeline\Forward</Filter>
    </ClCompile>
    <ClCompile Include="LightPrePassRenderingPipeline.cpp">
      <Filter>Library\Engine\Core\Pipeline\RenderingPipeline\LightPrePass</Filter>
    </ClCompile>
    <ClCompile Include="PostProcessorPipeline.cpp">
      <Filter>Library\Engine\Core\PostProcess\Pipeline</Filter>
    </ClCompile>
    <ClCompile Include="ContextStateManager.cpp">
      <Filter>Library\ObjectGL\Window\RenderContext\StateManager</Filter>
    </ClCompile>
    <ClCompile Include="SetupTransaction.cpp">
      <Filter>Library\Engine\Core\RenderTransaction</Filter>
    </ClCompile>
    <ClCompile Include="TranslucencySwitcherUniformInterface.cpp">
      <Filter>Library\Engine\Core\UniformBuffer\Interface\TranslucencySwitcher</Filter>
    </ClCompile>
    <ClCompile Include="MaterialUniformInterface.cpp">
      <Filter>Library\Engine\Core\UniformBuffer\Interface\Material</Filter>
    </ClCompile>
    <ClCompile Include="LightUniformInterface.cpp">
      <Filter>Library\Engine\Core\UniformBuffer\Interface\Light</Filter>
    </ClCompile>
    <ClCompile Include="CameraUniformInterface.cpp">
      <Filter>Library\Engine\Core\UniformBuffer\Interface\Camera</Filter>
    </ClCompile>
    <ClCompile Include="ConvolutionUniformInterface.cpp">
      <Filter>Library\Engine\Core\UniformBuffer\Interface\Convolution</Filter>
    </ClCompile>
    <ClCompile Include="GammaCorrectionUniformInterface.cpp">
      <Filter>Library\Engine\Core\UniformBuffer\Interface\GammaCorrection</Filter>
    </ClCompile>
    <ClCompile Include="SkyboxUniformInterface.cpp">
      <Filter>Library\Engine\Core\UniformBuffer\Interface\Skybox</Filter>
    </ClCompile>
    <ClCompile Include="TextureContainerUniformInterface.cpp">
      <Filter>Library\Engine\Core\UniformBuffer\Interface\TextureContainer</Filter>
    </ClCompile>
    <ClCompile Include="DepthBacking2DUniformInterface.cpp">
      <Filter>Library\Engine\Core\UniformBuffer\Interface\DepthBacking2D</Filter>
    </ClCompile>
    <ClCompile Include="HDRUniformInterface.cpp">
      <Filter>Library\Engine\Core\UniformBuffer\Interface\HDR</Filter>
    </ClCompile>
    <ClCompile Include="BloomUniformInterface.cpp">
      <Filter>Library\Engine\Core\UniformBuffer\Interface\Bloom</Filter>
    </ClCompile>
    <ClCompile Include="JointUniformInterface.cpp">
      <Filter>Library\Engine\Core\UniformBuffer\Interface\Joint</Filter>
    </ClCompile>
    <ClCompile Include="BoneUniformInterface.cpp">
      <Filter>Library\Engine\Core\UniformBuffer\Interface\Bone</Filter>
    </ClCompile>
    <ClCompile Include="PhongUniformInterface.cpp">
      <Filter>Library\Engine\Core\UniformBuffer\Interface\Phong</Filter>
    </ClCompile>
    <ClCompile Include="LightPrePassUniformInterface.cpp">
      <Filter>Library\Engine\Core\UniformBuffer\Interface\LightPrePass</Filter>
    </ClCompile>
    <ClCompile Include="BufferBase.cpp">
      <Filter>Library\ObjectGL\Core\Buffer</Filter>
    </ClCompile>
    <ClCompile Include="DepthBakingCubemapUniformInterface.cpp">
      <Filter>Library\Engine\Core\UniformBuffer\Interface\DepthBackingCubemap</Filter>
    </ClCompile>
    <ClCompile Include="SSAOTestScene.cpp">
      <Filter>Client\Scene</Filter>
    </ClCompile>
  </ItemGroup>
  <ItemGroup>
    <ClInclude Include="PixelFormatDescriptor.h">
      <Filter>Library\ObjectGL\Window\PixelFormatDescriptor</Filter>
    </ClInclude>
    <ClInclude Include="PFDBufferType.h">
      <Filter>Library\ObjectGL\Window\PixelFormatDescriptor</Filter>
    </ClInclude>
    <ClInclude Include="RCException.h">
      <Filter>Library\ObjectGL\Window\RenderContext</Filter>
    </ClInclude>
    <ClInclude Include="BufferException.h">
      <Filter>Library\ObjectGL\Core\Buffer</Filter>
    </ClInclude>
    <ClInclude Include="Shader.h">
      <Filter>Library\ObjectGL\Core\Shader</Filter>
    </ClInclude>
    <ClInclude Include="ProgramException.h">
      <Filter>Library\ObjectGL\Core\Program</Filter>
    </ClInclude>
    <ClInclude Include="Program.h">
      <Filter>Library\ObjectGL\Core\Program</Filter>
    </ClInclude>
    <ClInclude Include="RCAttributeDescriptor.h">
      <Filter>Library\ObjectGL\Window\RenderContext</Filter>
    </ClInclude>
    <ClInclude Include="TextureException.h">
      <Filter>Library\ObjectGL\Core\Texture</Filter>
    </ClInclude>
    <ClInclude Include="Texture2D.h">
      <Filter>Library\ObjectGL\Core\Texture\2D</Filter>
    </ClInclude>
    <ClInclude Include="stb_image.h">
      <Filter>Library\ThirdParty</Filter>
    </ClInclude>
    <ClInclude Include="VertexBuffer.h">
      <Filter>Library\ObjectGL\Core\Buffer\VetexBuffer</Filter>
    </ClInclude>
    <ClInclude Include="DeviceContext.h">
      <Filter>Library\ObjectGL\Window\DeviceContext</Filter>
    </ClInclude>
    <ClInclude Include="DCException.h">
      <Filter>Library\ObjectGL\Window\DeviceContext</Filter>
    </ClInclude>
    <ClInclude Include="Win32Screen.h">
      <Filter>Library\Engine\Screen\Window\Win32</Filter>
    </ClInclude>
    <ClInclude Include="tstring.h">
      <Filter>Library\Engine\Screen\Window</Filter>
    </ClInclude>
    <ClInclude Include="Screen.h">
      <Filter>Library\ObjectGL\Screen</Filter>
    </ClInclude>
    <ClInclude Include="Light.h">
      <Filter>Library\Engine\Core\Light</Filter>
    </ClInclude>
    <ClInclude Include="Timer.h">
      <Filter>Library\Engine\Util</Filter>
    </ClInclude>
    <ClInclude Include="IndexBuffer.h">
      <Filter>Library\ObjectGL\Core\Buffer\IndexBuffer</Filter>
    </ClInclude>
    <ClInclude Include="VertexArray.h">
      <Filter>Library\ObjectGL\Core\VertexArray</Filter>
    </ClInclude>
    <ClInclude Include="VertexArrayException.h">
      <Filter>Library\ObjectGL\Core\VertexArray</Filter>
    </ClInclude>
    <ClInclude Include="Camera.h">
      <Filter>Library\Engine\Core\Camera</Filter>
    </ClInclude>
    <ClInclude Include="Scene.h">
      <Filter>Library\Engine\Scene</Filter>
    </ClInclude>
    <ClInclude Include="ScreenEventHandler.h">
      <Filter>Library\ObjectGL\Screen</Filter>
    </ClInclude>
    <ClInclude Include="BufferType.h">
      <Filter>Library\ObjectGL\Core\Buffer</Filter>
    </ClInclude>
    <ClInclude Include="BufferUpdatePatternType.h">
      <Filter>Library\ObjectGL\Core\Buffer</Filter>
    </ClInclude>
    <ClInclude Include="GLProfileFlag.h">
      <Filter>Library\ObjectGL\Window\RenderContext</Filter>
    </ClInclude>
    <ClInclude Include="IndexType.h">
      <Filter>Library\ObjectGL\Core\Buffer\IndexBuffer</Filter>
    </ClInclude>
    <ClInclude Include="PrimitiveType.h">
      <Filter>Library\ObjectGL\Core\VertexArray</Filter>
    </ClInclude>
    <ClInclude Include="ShaderType.h">
      <Filter>Library\ObjectGL\Core\Shader</Filter>
    </ClInclude>
    <ClInclude Include="TextureType.h">
      <Filter>Library\ObjectGL\Core\Texture</Filter>
    </ClInclude>
    <ClInclude Include="ResourceManager.h">
      <Filter>Library\Engine\Resource</Filter>
    </ClInclude>
    <ClInclude Include="ProgramFactory.h">
      <Filter>Library\Engine\Core\Program</Filter>
    </ClInclude>
    <ClInclude Include="ProgramType.h">
      <Filter>Library\Engine\Core\Program</Filter>
    </ClInclude>
    <ClInclude Include="TextReader.h">
      <Filter>Library\ObjectGL\Util\TextReader</Filter>
    </ClInclude>
    <ClInclude Include="Win32ScreenException.h">
      <Filter>Library\Engine\Screen\Window\Win32</Filter>
    </ClInclude>
    <ClInclude Include="VertexAttribute.h">
      <Filter>Library\ObjectGL\Core\Buffer\VetexBuffer\Attribute</Filter>
    </ClInclude>
    <ClInclude Include="ElementType.h">
      <Filter>Library\ObjectGL\Core\Buffer\VetexBuffer\Attribute</Filter>
    </ClInclude>
    <ClInclude Include="ShaderCompiler.h">
      <Filter>Library\ObjectGL\Core\Shader\Compiler</Filter>
    </ClInclude>
    <ClInclude Include="ShaderCompilerException.h">
      <Filter>Library\ObjectGL\Core\Shader\Compiler</Filter>
    </ClInclude>
    <ClInclude Include="VertexShaderCompiler.h">
      <Filter>Library\ObjectGL\Core\Shader\Compiler\VertexShaderCompiler</Filter>
    </ClInclude>
    <ClInclude Include="FragmentShaderCompiler.h">
      <Filter>Library\ObjectGL\Core\Shader\Compiler\FragmentShaderCompiler</Filter>
    </ClInclude>
    <ClInclude Include="LightType.h">
      <Filter>Library\Engine\Core\Light</Filter>
    </ClInclude>
    <ClInclude Include="PointLight.h">
      <Filter>Library\Engine\Core\Light\PointLight</Filter>
    </ClInclude>
    <ClInclude Include="DirectionalLight.h">
      <Filter>Library\Engine\Core\Light\DirectionalLight</Filter>
    </ClInclude>
    <ClInclude Include="SpotLight.h">
      <Filter>Library\Engine\Core\Light\SpotLight</Filter>
    </ClInclude>
    <ClInclude Include="AttenuatedLightComponent.h">
      <Filter>Library\Engine\Core\Light\Component</Filter>
    </ClInclude>
    <ClInclude Include="SpotLightComponent.h">
      <Filter>Library\Engine\Core\Light\Component</Filter>
    </ClInclude>
    <ClInclude Include="LightException.h">
      <Filter>Library\Engine\Core\Light</Filter>
    </ClInclude>
    <ClInclude Include="LightBaseComponent.h">
      <Filter>Library\Engine\Core\Light\Component</Filter>
    </ClInclude>
    <ClInclude Include="AssetImporter.h">
      <Filter>Library\Engine\Util\AssetImporter</Filter>
    </ClInclude>
    <ClInclude Include="AssetImporterException.h">
      <Filter>Library\Engine\Util\AssetImporter</Filter>
    </ClInclude>
    <ClInclude Include="UniformBuffer.h">
      <Filter>Library\ObjectGL\Core\Buffer\UniformBuffer</Filter>
    </ClInclude>
    <ClInclude Include="BindableObject.h">
      <Filter>Library\ObjectGL\Base\Object</Filter>
    </ClInclude>
    <ClInclude Include="Object.h">
      <Filter>Library\ObjectGL\Base\Object</Filter>
    </ClInclude>
    <ClInclude Include="VertexAttributeListFactory.h">
      <Filter>Library\Engine\Core\VertexAttribute</Filter>
    </ClInclude>
    <ClInclude Include="Cache.h">
      <Filter>Library\ObjectGL\Util\Cache</Filter>
    </ClInclude>
    <ClInclude Include="Mesh.h">
      <Filter>Library\Engine\Core\Mesh</Filter>
    </ClInclude>
    <ClInclude Include="Material.h">
      <Filter>Library\Engine\Core\Material</Filter>
    </ClInclude>
    <ClInclude Include="MaterialType.h">
      <Filter>Library\Engine\Core\Material</Filter>
    </ClInclude>
    <ClInclude Include="PhongMaterial.h">
      <Filter>Library\Engine\Core\Material\Phong</Filter>
    </ClInclude>
    <ClInclude Include="ShaderIdentifier.h">
      <Filter>Library\Engine\glsl</Filter>
    </ClInclude>
    <ClInclude Include="MaterialOptionFlag.h">
      <Filter>Library\Engine\Core\Material</Filter>
    </ClInclude>
    <ClInclude Include="MonoColorMaterial.h">
      <Filter>Library\Engine\Core\Material\MonoColor</Filter>
    </ClInclude>
    <ClInclude Include="TextureUtil.h">
      <Filter>Library\Engine\Util\TextureUtil</Filter>
    </ClInclude>
    <ClInclude Include="TextureUtilException.h">
      <Filter>Library\Engine\Util\TextureUtil</Filter>
    </ClInclude>
    <ClInclude Include="VertexArrayFactory.h">
      <Filter>Library\Engine\Core\VertexArray</Filter>
    </ClInclude>
    <ClInclude Include="FrameBuffer.h">
      <Filter>Library\ObjectGL\Core\FrameBuffer</Filter>
    </ClInclude>
    <ClInclude Include="FrameBufferException.h">
      <Filter>Library\ObjectGL\Core\FrameBuffer</Filter>
    </ClInclude>
    <ClInclude Include="FrameBufferStatusType.h">
      <Filter>Library\ObjectGL\Core\FrameBuffer</Filter>
    </ClInclude>
    <ClInclude Include="Attachable.h">
      <Filter>Library\ObjectGL\Core\FrameBuffer</Filter>
    </ClInclude>
    <ClInclude Include="AttachmentType.h">
      <Filter>Library\ObjectGL\Core\FrameBuffer</Filter>
    </ClInclude>
    <ClInclude Include="RenderBufferException.h">
      <Filter>Library\ObjectGL\Core\RenderBuffer</Filter>
    </ClInclude>
    <ClInclude Include="RenderBufferInternalFormatType.h">
      <Filter>Library\ObjectGL\Core\RenderBuffer</Filter>
    </ClInclude>
    <ClInclude Include="PostProcessor.h">
      <Filter>Library\Engine\Core\PostProcess</Filter>
    </ClInclude>
    <ClInclude Include="ForwardPostProcessor.h">
      <Filter>Library\Engine\Core\PostProcess\Forward</Filter>
    </ClInclude>
    <ClInclude Include="NegativePostProcessor.h">
      <Filter>Library\Engine\Core\PostProcess\Negative</Filter>
    </ClInclude>
    <ClInclude Include="GrayscalePostProcessor.h">
      <Filter>Library\Engine\Core\PostProcess\Grayscale</Filter>
    </ClInclude>
    <ClInclude Include="ConvolutionalPostProcessor.h">
      <Filter>Library\Engine\Core\PostProcess\Convolution</Filter>
    </ClInclude>
    <ClInclude Include="Constant.h">
      <Filter>Library\Engine\Base</Filter>
    </ClInclude>
    <ClInclude Include="TextureCubemap.h">
      <Filter>Library\ObjectGL\Core\Texture\Cubemap</Filter>
    </ClInclude>
    <ClInclude Include="CubemapSideType.h">
      <Filter>Library\ObjectGL\Core\Texture\Cubemap</Filter>
    </ClInclude>
    <ClInclude Include="Skybox.h">
      <Filter>Library\Engine\Core\Skybox</Filter>
    </ClInclude>
    <ClInclude Include="ReflectionMaterial.h">
      <Filter>Library\Engine\Core\Material\Reflection</Filter>
    </ClInclude>
    <ClInclude Include="RefractionMaterial.h">
      <Filter>Library\Engine\Core\Material\Refraction</Filter>
    </ClInclude>
    <ClInclude Include="BufferAccessType.h">
      <Filter>Library\ObjectGL\Core\Buffer</Filter>
    </ClInclude>
    <ClInclude Include="GeometryShaderCompiler.h">
      <Filter>Library\ObjectGL\Core\Shader\Compiler\GeometryShaderCompiler</Filter>
    </ClInclude>
    <ClInclude Include="TextureMultisample.h">
      <Filter>Library\ObjectGL\Core\Texture\Multisample</Filter>
    </ClInclude>
    <ClInclude Include="RenderBufferMultisample.h">
      <Filter>Library\ObjectGL\Core\RenderBuffer\Multisample</Filter>
    </ClInclude>
    <ClInclude Include="TextureBase.h">
      <Filter>Library\ObjectGL\Core\Texture</Filter>
    </ClInclude>
    <ClInclude Include="RenderBufferBase.h">
      <Filter>Library\ObjectGL\Core\RenderBuffer</Filter>
    </ClInclude>
    <ClInclude Include="RenderBuffer.h">
      <Filter>Library\ObjectGL\Core\RenderBuffer</Filter>
    </ClInclude>
    <ClInclude Include="GammaCorrectionPostProcessor.h">
      <Filter>Library\Engine\Core\PostProcess\GammaCorrection</Filter>
    </ClInclude>
    <ClInclude Include="ColorBufferType.h">
      <Filter>Library\ObjectGL\Core\FrameBuffer</Filter>
    </ClInclude>
    <ClInclude Include="RenderContext.h">
      <Filter>Library\ObjectGL\Window\RenderContext</Filter>
    </ClInclude>
    <ClInclude Include="RCDSRegisterer.h">
      <Filter>Library\Engine\Util\RCDSRegisterer</Filter>
    </ClInclude>
    <ClInclude Include="PerspectiveCamera.h">
      <Filter>Library\Engine\Core\Camera</Filter>
    </ClInclude>
    <ClInclude Include="OrthoCamera.h">
      <Filter>Library\Engine\Core\Camera</Filter>
    </ClInclude>
    <ClInclude Include="TransformableCamera.h">
      <Filter>Library\Engine\Core\Camera</Filter>
    </ClInclude>
    <ClInclude Include="GLDebugMessageCallbackFunction.h">
      <Filter>Library\ObjectGL\Window\RenderContext\debug</Filter>
    </ClInclude>
    <ClInclude Include="GLDebugMessageSourceType.h">
      <Filter>Library\ObjectGL\Window\RenderContext\debug</Filter>
    </ClInclude>
    <ClInclude Include="GLDebugMessageType.h">
      <Filter>Library\ObjectGL\Window\RenderContext\debug</Filter>
    </ClInclude>
    <ClInclude Include="GLDebugMessageSeverityType.h">
      <Filter>Library\ObjectGL\Window\RenderContext\debug</Filter>
    </ClInclude>
    <ClInclude Include="UniformBufferFactory.h">
      <Filter>Library\Engine\Core\UniformBuffer</Filter>
    </ClInclude>
    <ClInclude Include="AttachableTexture2D.h">
      <Filter>Library\ObjectGL\Core\Texture\Attachable</Filter>
    </ClInclude>
    <ClInclude Include="DepthBakerBase.h">
      <Filter>Library\Engine\Core\DepthBaker</Filter>
    </ClInclude>
    <ClInclude Include="DepthBaker2D.h">
      <Filter>Library\Engine\Core\DepthBaker</Filter>
    </ClInclude>
    <ClInclude Include="AttachableTextureCubemap.h">
      <Filter>Library\ObjectGL\Core\Texture\Cubemap\Attachable</Filter>
    </ClInclude>
    <ClInclude Include="DepthBakerCubemap.h">
      <Filter>Library\Engine\Core\DepthBaker</Filter>
    </ClInclude>
    <ClInclude Include="TransformableLight.h">
      <Filter>Library\Engine\Core\Light</Filter>
    </ClInclude>
    <ClInclude Include="OrthoLight.h">
      <Filter>Library\Engine\Core\Light</Filter>
    </ClInclude>
    <ClInclude Include="PerspectiveLight.h">
      <Filter>Library\Engine\Core\Light</Filter>
    </ClInclude>
    <ClInclude Include="DepthBakingType.h">
      <Filter>Library\Engine\Core\DepthBaker</Filter>
    </ClInclude>
    <ClInclude Include="VertexAttributeDataStructure.h">
      <Filter>Library\ObjectGL\Core\Buffer\VetexBuffer\Attribute</Filter>
    </ClInclude>
    <ClInclude Include="VertexAttributeDataStructureType.h">
      <Filter>Library\Engine\Core\VertexAttribute</Filter>
    </ClInclude>
    <ClInclude Include="VertexAttributeDataStructureFactory.h">
      <Filter>Library\Engine\Core\VertexAttribute</Filter>
    </ClInclude>
    <ClInclude Include="HDRTestScene.h">
      <Filter>Client\Scene</Filter>
    </ClInclude>
    <ClInclude Include="HDRPostProcessor.h">
      <Filter>Library\Engine\Core\PostProcess\HDR</Filter>
    </ClInclude>
    <ClInclude Include="Transform.h">
      <Filter>Library\Engine\Core\Transform</Filter>
    </ClInclude>
    <ClInclude Include="Quaternion.h">
      <Filter>Library\Engine\Core\Transform</Filter>
    </ClInclude>
    <ClInclude Include="BoneException.h">
      <Filter>Library\Engine\Core\Animation\Bone</Filter>
    </ClInclude>
    <ClInclude Include="Timeline.h">
      <Filter>Library\Engine\Core\Animation\Timeline</Filter>
    </ClInclude>
    <ClInclude Include="TimelineWrappingType.h">
      <Filter>Library\Engine\Core\Animation\Timeline</Filter>
    </ClInclude>
    <ClInclude Include="TransformTimeline.h">
      <Filter>Library\Engine\Core\Animation\Timeline</Filter>
    </ClInclude>
    <ClInclude Include="Animation.h">
      <Filter>Library\Engine\Core\Animation</Filter>
    </ClInclude>
    <ClInclude Include="AnimationManager.h">
      <Filter>Library\Engine\Core\Animation</Filter>
    </ClInclude>
    <ClInclude Include="Lerp.h">
      <Filter>Library\Engine\Util</Filter>
    </ClInclude>
    <ClInclude Include="BoneManager.h">
      <Filter>Library\Engine\Core\Animation\Bone</Filter>
    </ClInclude>
    <ClInclude Include="Bone.h">
      <Filter>Library\Engine\Core\Animation\Bone</Filter>
    </ClInclude>
    <ClInclude Include="ModelMatrixBuffer.h">
      <Filter>Library\Engine\Core\SceneObject</Filter>
    </ClInclude>
    <ClInclude Include="SceneObjectNode.h">
      <Filter>Library\Engine\Core\SceneObject</Filter>
    </ClInclude>
    <ClInclude Include="SceneObject.h">
      <Filter>Library\Engine\Core\SceneObject</Filter>
    </ClInclude>
    <ClInclude Include="SceneNodeConnecterBase.h">
      <Filter>Library\Engine\Core\Animation\SceneNodeConnecter</Filter>
    </ClInclude>
    <ClInclude Include="StaticSceneNodeConnecter.h">
      <Filter>Library\Engine\Core\Animation\SceneNodeConnecter</Filter>
    </ClInclude>
    <ClInclude Include="AnimatingSceneNodeConnecter.h">
      <Filter>Library\Engine\Core\Animation\SceneNodeConnecter</Filter>
    </ClInclude>
    <ClInclude Include="Joint.h">
      <Filter>Library\Engine\Core\Animation\Joint</Filter>
    </ClInclude>
    <ClInclude Include="AssimpDataStructureConverter.h">
      <Filter>Library\Engine\Util\AssetImporter</Filter>
    </ClInclude>
    <ClInclude Include="AnimationPlayingOrderType.h">
      <Filter>Library\Engine\Core\Animation</Filter>
    </ClInclude>
    <ClInclude Include="JointManager.h">
      <Filter>Library\Engine\Core\Animation\Joint</Filter>
    </ClInclude>
    <ClInclude Include="SceneNodeConnecterManager.h">
      <Filter>Library\Engine\Core\Animation\SceneNodeConnecter</Filter>
    </ClInclude>
    <ClInclude Include="BloomPostProcessor.h">
      <Filter>Library\Engine\Core\PostProcess\Bloom</Filter>
    </ClInclude>
    <ClInclude Include="VertexAttributeFlag.h">
      <Filter>Library\Engine\Core\VertexAttribute</Filter>
    </ClInclude>
    <ClInclude Include="VertexArrayFactoryException.h">
      <Filter>Library\Engine\Core\VertexArray</Filter>
    </ClInclude>
    <ClInclude Include="RenderingPipeline.h">
      <Filter>Library\Engine\Core\Pipeline\RenderingPipeline</Filter>
    </ClInclude>
    <ClInclude Include="TextureRectangle.h">
      <Filter>Library\ObjectGL\Core\Texture\Rectangle</Filter>
    </ClInclude>
    <ClInclude Include="AttachableTextureRectangle.h">
      <Filter>Library\ObjectGL\Core\Texture\Attachable</Filter>
    </ClInclude>
    <ClInclude Include="AttachmentServer.h">
      <Filter>Library\Engine\Core\Attachment</Filter>
    </ClInclude>
    <ClInclude Include="AttachmentServerException.h">
      <Filter>Library\Engine\Core\Attachment</Filter>
    </ClInclude>
    <ClInclude Include="FullscreenDrawer.h">
      <Filter>Library\Engine\Util\FullscreenDrawer</Filter>
    </ClInclude>
    <ClInclude Include="RawDrawcallMaterial.h">
      <Filter>Library\Engine\Core\Material\RawDrawcall</Filter>
    </ClInclude>
    <ClInclude Include="MaterialException.h">
      <Filter>Library\Engine\Core\Material</Filter>
    </ClInclude>
    <ClInclude Include="LightManager.h">
      <Filter>Library\Engine\Core\Light</Filter>
    </ClInclude>
    <ClInclude Include="WeakPointerContainer.h">
      <Filter>Library\Engine\Util</Filter>
    </ClInclude>
    <ClInclude Include="BatchProcessor.h">
      <Filter>Library\Engine\Base\Interface</Filter>
    </ClInclude>
    <ClInclude Include="Updatable.h">
      <Filter>Library\Engine\Base\Interface</Filter>
    </ClInclude>
    <ClInclude Include="LightingTestScene.h">
      <Filter>Client\Scene</Filter>
    </ClInclude>
    <ClInclude Include="LightVolumeType.h">
      <Filter>Library\Engine\Core\Light</Filter>
    </ClInclude>
    <ClInclude Include="AnimationRepeatType.h">
      <Filter>Library\Engine\Core\Animation</Filter>
    </ClInclude>
    <ClInclude Include="ForwardRenderingPipeline.h">
      <Filter>Library\Engine\Core\Pipeline\RenderingPipeline\Forward</Filter>
    </ClInclude>
    <ClInclude Include="LightPrePassRenderingPipeline.h">
      <Filter>Library\Engine\Core\Pipeline\RenderingPipeline\LightPrePass</Filter>
    </ClInclude>
    <ClInclude Include="PostProcessorPipeline.h">
      <Filter>Library\Engine\Core\PostProcess\Pipeline</Filter>
    </ClInclude>
    <ClInclude Include="ContextStateManager.h">
      <Filter>Library\ObjectGL\Window\RenderContext\StateManager</Filter>
    </ClInclude>
    <ClInclude Include="BlendingEquationType.h">
      <Filter>Library\ObjectGL\Window\RenderContext\StateManager</Filter>
    </ClInclude>
    <ClInclude Include="BlendingFunctionType.h">
      <Filter>Library\ObjectGL\Window\RenderContext\StateManager</Filter>
    </ClInclude>
    <ClInclude Include="DepthStencilFunctionType.h">
      <Filter>Library\ObjectGL\Window\RenderContext\StateManager</Filter>
    </ClInclude>
    <ClInclude Include="FacetType.h">
      <Filter>Library\ObjectGL\Window\RenderContext\StateManager</Filter>
    </ClInclude>
    <ClInclude Include="FrameBufferBlitFlag.h">
      <Filter>Library\ObjectGL\Window\RenderContext\StateManager</Filter>
    </ClInclude>
    <ClInclude Include="RasterizationType.h">
      <Filter>Library\ObjectGL\Window\RenderContext\StateManager</Filter>
    </ClInclude>
    <ClInclude Include="StencilOperationType.h">
      <Filter>Library\ObjectGL\Window\RenderContext\StateManager</Filter>
    </ClInclude>
    <ClInclude Include="WindingOrderType.h">
      <Filter>Library\ObjectGL\Window\RenderContext\StateManager</Filter>
    </ClInclude>
    <ClInclude Include="GLStateType.h">
      <Filter>Library\ObjectGL\Window\RenderContext\StateManager</Filter>
    </ClInclude>
    <ClInclude Include="RenderTargetType.h">
      <Filter>Library\ObjectGL\Window\RenderContext\StateManager</Filter>
    </ClInclude>
    <ClInclude Include="SetupTransaction.h">
      <Filter>Library\Engine\Core\RenderTransaction</Filter>
    </ClInclude>
    <ClInclude Include="TranslucencySwitchType.h">
      <Filter>Library\Engine\Core\PostProcess\Pipeline</Filter>
    </ClInclude>
    <ClInclude Include="PhongCalcMethodType.h">
      <Filter>Library\Engine\Core\Material\Phong</Filter>
    </ClInclude>
    <ClInclude Include="UniformInterface.h">
      <Filter>Library\Engine\Core\UniformBuffer\Interface</Filter>
    </ClInclude>
    <ClInclude Include="UniformField.h">
      <Filter>Library\Engine\Core\UniformBuffer\Interface</Filter>
    </ClInclude>
    <ClInclude Include="TranslucencySwitcherUniformInterface.h">
      <Filter>Library\Engine\Core\UniformBuffer\Interface\TranslucencySwitcher</Filter>
    </ClInclude>
    <ClInclude Include="MaterialUniformInterface.h">
      <Filter>Library\Engine\Core\UniformBuffer\Interface\Material</Filter>
    </ClInclude>
    <ClInclude Include="LightUniformInterface.h">
      <Filter>Library\Engine\Core\UniformBuffer\Interface\Light</Filter>
    </ClInclude>
    <ClInclude Include="CameraUniformInterface.h">
      <Filter>Library\Engine\Core\UniformBuffer\Interface\Camera</Filter>
    </ClInclude>
    <ClInclude Include="ConvolutionUniformInterface.h">
      <Filter>Library\Engine\Core\UniformBuffer\Interface\Convolution</Filter>
    </ClInclude>
    <ClInclude Include="GammaCorrectionUniformInterface.h">
      <Filter>Library\Engine\Core\UniformBuffer\Interface\GammaCorrection</Filter>
    </ClInclude>
    <ClInclude Include="SkyboxUniformInterface.h">
      <Filter>Library\Engine\Core\UniformBuffer\Interface\Skybox</Filter>
    </ClInclude>
    <ClInclude Include="TextureContainerUniformInterface.h">
      <Filter>Library\Engine\Core\UniformBuffer\Interface\TextureContainer</Filter>
    </ClInclude>
    <ClInclude Include="DepthBacking2DUniformInterface.h">
      <Filter>Library\Engine\Core\UniformBuffer\Interface\DepthBacking2D</Filter>
    </ClInclude>
    <ClInclude Include="HDRUniformInterface.h">
      <Filter>Library\Engine\Core\UniformBuffer\Interface\HDR</Filter>
    </ClInclude>
    <ClInclude Include="BloomUniformInterface.h">
      <Filter>Library\Engine\Core\UniformBuffer\Interface\Bloom</Filter>
    </ClInclude>
    <ClInclude Include="JointUniformInterface.h">
      <Filter>Library\Engine\Core\UniformBuffer\Interface\Joint</Filter>
    </ClInclude>
    <ClInclude Include="BoneUniformInterface.h">
      <Filter>Library\Engine\Core\UniformBuffer\Interface\Bone</Filter>
    </ClInclude>
    <ClInclude Include="PhongUniformInterface.h">
      <Filter>Library\Engine\Core\UniformBuffer\Interface\Phong</Filter>
    </ClInclude>
    <ClInclude Include="LightPrePassUniformInterface.h">
      <Filter>Library\Engine\Core\UniformBuffer\Interface\LightPrePass</Filter>
    </ClInclude>
    <ClInclude Include="DeferredUniformBuffer.h">
      <Filter>Library\Engine\Core\UniformBuffer</Filter>
    </ClInclude>
    <ClInclude Include="UniformInterfaceHostCache.h">
      <Filter>Library\Engine\Core\UniformBuffer\Interface</Filter>
    </ClInclude>
    <ClInclude Include="BufferBase.h">
      <Filter>Library\ObjectGL\Core\Buffer</Filter>
    </ClInclude>
    <ClInclude Include="DepthBakingCubemapUniformInterface.h">
      <Filter>Library\Engine\Core\UniformBuffer\Interface\DepthBackingCubemap</Filter>
    </ClInclude>
    <ClInclude Include="SSAOTestScene.h">
      <Filter>Client\Scene</Filter>
    </ClInclude>
  </ItemGroup>
  <ItemGroup>
    <None Include="glsl\src\Header\Camera_Header.glsl">
      <Filter>Library\Engine\glsl\src\header</Filter>
    </None>
    <None Include="glsl\src\Header\Material_Header.glsl">
      <Filter>Library\Engine\glsl\src\header</Filter>
    </None>
    <None Include="glsl\src\Header\Model_Header.glsl">
      <Filter>Library\Engine\glsl\src\header</Filter>
    </None>
    <None Include="glsl\src\MonoColor_Frag.glsl">
      <Filter>Library\Engine\glsl\src\MonoColor</Filter>
    </None>
    <None Include="glsl\src\header\ModelCamera_Header.glsl">
      <Filter>Library\Engine\glsl\src\header</Filter>
    </None>
    <None Include="glsl\src\PostProcess_Forward_Frag.glsl">
      <Filter>Library\Engine\glsl\src\PostProcess\Forward</Filter>
    </None>
    <None Include="glsl\src\PostProcess_Negative_Frag.glsl">
      <Filter>Library\Engine\glsl\src\PostProcess\Negative</Filter>
    </None>
    <None Include="glsl\src\PostProcess_Grayscale_Frag.glsl">
      <Filter>Library\Engine\glsl\src\PostProcess\Grayscale</Filter>
    </None>
    <None Include="glsl\src\header\Convolutional_Header.glsl">
      <Filter>Library\Engine\glsl\src\header\PostProcess</Filter>
    </None>
    <None Include="glsl\src\PostProcess_Convolutional_Frag.glsl">
      <Filter>Library\Engine\glsl\src\PostProcess\Convolutional</Filter>
    </None>
    <None Include="glsl\src\Reflection_Frag.glsl">
      <Filter>Library\Engine\glsl\src\Reflection</Filter>
    </None>
    <None Include="glsl\src\Reflection_Vert.glsl">
      <Filter>Library\Engine\glsl\src\Reflection</Filter>
    </None>
    <None Include="glsl\src\Refraction_Frag.glsl">
      <Filter>Library\Engine\glsl\src\Refraction</Filter>
    </None>
    <None Include="glsl\src\Refraction_Vert.glsl">
      <Filter>Library\Engine\glsl\src\Refraction</Filter>
    </None>
    <None Include="glsl\src\header\Constant_Header.glsl">
      <Filter>Library\Engine\glsl\src\header</Filter>
    </None>
    <None Include="glsl\src\PostProcess_MSAA_Frag.glsl">
      <Filter>Library\Engine\glsl\src\PostProcess\MSAA</Filter>
    </None>
    <None Include="glsl\src\PostProcess_GammaCorrection_Frag.glsl">
      <Filter>Library\Engine\glsl\src\PostProcess\GammaCorrection</Filter>
    </None>
    <None Include="glsl\src\header\GammaCorrection_Header.glsl">
      <Filter>Library\Engine\glsl\src\header\PostProcess</Filter>
    </None>
    <None Include="glsl\src\FullscreenQuad_Vert.glsl">
      <Filter>Library\Engine\glsl\src\FullscreenQuad</Filter>
    </None>
    <None Include="glsl\src\Skybox_Frag.glsl">
      <Filter>Library\Engine\glsl\src\Skybox</Filter>
    </None>
    <None Include="glsl\src\Skybox_Vert.glsl">
      <Filter>Library\Engine\glsl\src\Skybox</Filter>
    </None>
    <None Include="glsl\src\header\Skybox_Header.glsl">
      <Filter>Library\Engine\glsl\src\header</Filter>
    </None>
    <None Include="glsl\src\DepthBaking2D_Vert.glsl">
      <Filter>Library\Engine\glsl\src\DepthBaking</Filter>
    </None>
    <None Include="glsl\src\DepthBakingCubemap_Vert.glsl">
      <Filter>Library\Engine\glsl\src\DepthBaking</Filter>
    </None>
    <None Include="glsl\src\DepthBakingCubemap_Frag.glsl">
      <Filter>Library\Engine\glsl\src\DepthBaking</Filter>
    </None>
    <None Include="glsl\src\DepthBakingCubemap_Geo.glsl">
      <Filter>Library\Engine\glsl\src\DepthBaking</Filter>
    </None>
    <None Include="glsl\src\Phong_Frag.glsl">
      <Filter>Library\Engine\glsl\src\Phong</Filter>
    </None>
    <None Include="glsl\src\DepthBaking2D_Frag.glsl">
      <Filter>Library\Engine\glsl\src\DepthBaking</Filter>
    </None>
    <None Include="glsl\src\header\Light_Header.glsl">
      <Filter>Library\Engine\glsl\src\header</Filter>
    </None>
    <None Include="glsl\src\header\Phong_Header.glsl">
      <Filter>Library\Engine\glsl\src\header</Filter>
    </None>
    <None Include="glsl\src\PostProcess_HDR_Frag.glsl">
      <Filter>Library\Engine\glsl\src\PostProcess\HDR</Filter>
    </None>
    <None Include="glsl\src\header\HDR_Header.glsl">
      <Filter>Library\Engine\glsl\src\header\PostProcess</Filter>
    </None>
    <None Include="glsl\src\header\VertexAttribute_Header.glsl">
      <Filter>Library\Engine\glsl\src\header</Filter>
    </None>
    <None Include="glsl\src\header\Bone_Header.glsl">
      <Filter>Library\Engine\glsl\src\header\Animation</Filter>
    </None>
    <None Include="glsl\src\header\Joint_Header.glsl">
      <Filter>Library\Engine\glsl\src\header\Animation</Filter>
    </None>
    <None Include="glsl\src\Phong_Vert.glsl">
      <Filter>Library\Engine\glsl\src\Phong</Filter>
    </None>
    <None Include="glsl\src\header\Animation_Header.glsl">
      <Filter>Library\Engine\glsl\src\header\Animation</Filter>
    </None>
    <None Include="glsl\src\PostProcess_Bloom_Composition_Frag.glsl">
      <Filter>Library\Engine\glsl\src\PostProcess\Bloom</Filter>
    </None>
    <None Include="glsl\src\PostProcess_Bloom_ColorExtraction_Frag.glsl">
      <Filter>Library\Engine\glsl\src\PostProcess\Bloom</Filter>
    </None>
    <None Include="glsl\src\header\Bloom_Header.glsl">
      <Filter>Library\Engine\glsl\src\header\PostProcess</Filter>
    </None>
    <None Include="glsl\src\header\Grayscale_Header.glsl">
      <Filter>Library\Engine\glsl\src\header\PostProcess</Filter>
    </None>
    <None Include="glsl\src\PostProcess_Bloom_BlurHoriz_Frag.glsl">
      <Filter>Library\Engine\glsl\src\PostProcess\Bloom</Filter>
    </None>
    <None Include="glsl\src\PostProcess_Bloom_BlurVert_Frag.glsl">
      <Filter>Library\Engine\glsl\src\PostProcess\Bloom</Filter>
    </None>
    <None Include="glsl\src\LightPrePassGeometryExtraction_Vert.glsl">
      <Filter>Library\Engine\glsl\src\RenderingPipeline\LightPrePass</Filter>
    </None>
    <None Include="glsl\src\LightPrePassGeometryExtraction_Frag.glsl">
      <Filter>Library\Engine\glsl\src\RenderingPipeline\LightPrePass</Filter>
    </None>
    <None Include="glsl\src\header\TextureContainer_Header.glsl">
      <Filter>Library\Engine\glsl\src\header</Filter>
    </None>
    <None Include="glsl\src\PositionOnly_Vert.glsl">
      <Filter>Library\Engine\glsl\src\PositionOnly</Filter>
    </None>
    <None Include="glsl\src\LightPrePassLighting_Frag.glsl">
      <Filter>Library\Engine\glsl\src\RenderingPipeline\LightPrePass</Filter>
    </None>
    <None Include="glsl\src\LightPrePassLighting_Vert.glsl">
      <Filter>Library\Engine\glsl\src\RenderingPipeline\LightPrePass</Filter>
    </None>
    <None Include="glsl\src\header\Fullscreen_Header.glsl">
      <Filter>Library\Engine\glsl\src\header</Filter>
    </None>
    <None Include="glsl\src\header\VariableInOut_Vert_Header.glsl">
      <Filter>Library\Engine\glsl\src\header\VariableInOut</Filter>
    </None>
    <None Include="glsl\src\header\VariableInOut_Frag_Header.glsl">
      <Filter>Library\Engine\glsl\src\header\VariableInOut</Filter>
    </None>
    <None Include="glsl\src\header\VariableInOut_Geo_Header.glsl">
      <Filter>Library\Engine\glsl\src\header\VariableInOut</Filter>
    </None>
    <None Include="glsl\src\header\DepthBakingCubemap_Header.glsl">
      <Filter>Library\Engine\glsl\src\header\DepthBaking</Filter>
    </None>
    <None Include="glsl\src\header\DepthBaking2D_Header.glsl">
      <Filter>Library\Engine\glsl\src\header\DepthBaking</Filter>
    </None>
    <None Include="glsl\src\header\Wboit_Header.glsl">
      <Filter>Library\Engine\glsl\src\header\Wboit</Filter>
    </None>
    <None Include="glsl\src\header\LightPrePass_Header.glsl">
      <Filter>Library\Engine\glsl\src\header\RenderingPipeline</Filter>
    </None>
    <None Include="glsl\src\header\TranslucencySwitcher_Frag_Header.glsl">
      <Filter>Library\Engine\glsl\src\header</Filter>
    </None>
    <None Include="glsl\src\Wboit_Frag.glsl">
      <Filter>Library\Engine\glsl\src\Wboit</Filter>
    </None>
    <None Include="glsl\src\header\SSAO_Header.glsl">
      <Filter>Library\Engine\glsl\src\header</Filter>
    </None>
  </ItemGroup>
</Project>